
Microsoft Visual Studio Solution File, Format Version 12.00
# Visual Studio Version 17
VisualStudioVersion = 17.11.35208.52
MinimumVisualStudioVersion = 10.0.40219.1
Project("{2150E333-8FDC-42A3-9474-1A3956D46DE8}") = "solution", "solution", "{433323A8-BBA4-4380-AE28-91D3745BE88D}"
	ProjectSection(SolutionItems) = preProject
		.gitignore = .gitignore
		LICENSE.txt = LICENSE.txt
		README.md = README.md
	EndProjectSection
EndProject
Project("{8BC9CEB8-8B4A-11D0-8D11-00A0C91BC942}") = "WebIfcDll", "WebIfcDll\WebIfcDll.vcxproj", "{1149FEC3-B141-419C-A445-16C22BBD7CCE}"
EndProject
Project("{9A19103F-16F7-4668-BE54-9A1E7A4F7556}") = "Ara3D.StepParser", "Ara3D.StepParser\Ara3D.StepParser.csproj", "{3C488984-6DD7-4A6F-B288-87420ECE5480}"
EndProject
Project("{9A19103F-16F7-4668-BE54-9A1E7A4F7556}") = "Ara3D.IfcParser.Test", "Ara3D.IfcParser.Test\Ara3D.IfcParser.Test.csproj", "{185B3030-21ED-4117-B843-C64BF9D964C1}"
EndProject
Project("{9A19103F-16F7-4668-BE54-9A1E7A4F7556}") = "Ara3D.IfcParser", "Ara3D.IfcParser\Ara3D.IfcParser.csproj", "{90D8B801-3FE2-42DC-A209-FDE09B2BD115}"
EndProject
Project("{2150E333-8FDC-42A3-9474-1A3956D46DE8}") = "sandbox", "sandbox", "{DC9D7B8D-0E71-4643-ABEC-03C8F4FEF6EC}"
EndProject
Project("{2150E333-8FDC-42A3-9474-1A3956D46DE8}") = "tests", "tests", "{98E0BC05-B16C-47B8-AE07-39141CBA22F0}"
EndProject
Project("{2150E333-8FDC-42A3-9474-1A3956D46DE8}") = "testfiles", "testfiles", "{0C265FCA-CD0C-4AB4-A8CF-FC5AFF1929D5}"
	ProjectSection(SolutionItems) = preProject
		test-files\AC20-FZK-Haus.ifc = test-files\AC20-FZK-Haus.ifc
		test-files\advanced_model.ifc = test-files\advanced_model.ifc
		test-files\C20-Institute-Var-2.ifc = test-files\C20-Institute-Var-2.ifc
		test-files\dental_clinic.ifc = test-files\dental_clinic.ifc
		test-files\duplex.ifc = test-files\duplex.ifc
		test-files\example.ifc = test-files\example.ifc
		test-files\FM_ARC_DigitalHub.ifc = test-files\FM_ARC_DigitalHub.ifc
		test-files\ifcbridge-model01.ifc = test-files\ifcbridge-model01.ifc
		test-files\IfcOpenHouse_IFC4.ifc = test-files\IfcOpenHouse_IFC4.ifc
		test-files\ISSUE_005_haus.ifc = test-files\ISSUE_005_haus.ifc
		test-files\ISSUE_021_Mini Project.ifc = test-files\ISSUE_021_Mini Project.ifc
		test-files\ISSUE_034_HouseZ.ifc = test-files\ISSUE_034_HouseZ.ifc
		test-files\ISSUE_044_test_IFCCOMPOSITEPROFILEDEF.ifc = test-files\ISSUE_044_test_IFCCOMPOSITEPROFILEDEF.ifc
		test-files\ISSUE_053_20181220Holter_Tower_10.ifczip = test-files\ISSUE_053_20181220Holter_Tower_10.ifczip
		test-files\ISSUE_068_ARK_NUS_skolebygg.ifc = test-files\ISSUE_068_ARK_NUS_skolebygg.ifc
		test-files\ISSUE_098_R8_F1_MAB_AR_M3_XX_XXX_MO_7000.IFC = test-files\ISSUE_098_R8_F1_MAB_AR_M3_XX_XXX_MO_7000.IFC
		test-files\ISSUE_102_M3D-CON-CD.ifc = test-files\ISSUE_102_M3D-CON-CD.ifc
		test-files\ISSUE_102_M3D-CON.ifc = test-files\ISSUE_102_M3D-CON.ifc
		test-files\ISSUE_126_model.ifc = test-files\ISSUE_126_model.ifc
		test-files\ISSUE_129_N1540_17_EXE_MOD_448200_02_09_11SMC_IGC_V17.ifc = test-files\ISSUE_129_N1540_17_EXE_MOD_448200_02_09_11SMC_IGC_V17.ifc
		test-files\ISSUE_159_kleine_Wohnung_R22.ifc = test-files\ISSUE_159_kleine_Wohnung_R22.ifc
		test-files\ISSUE_171_IfcSurfaceCurveSweptAreaSolid.ifc = test-files\ISSUE_171_IfcSurfaceCurveSweptAreaSolid.ifc
		test-files\KIT-Simple-Road-Test-Web-IFC4x3_RC2.ifc = test-files\KIT-Simple-Road-Test-Web-IFC4x3_RC2.ifc
		test-files\Office_A_20110811.ifc = test-files\Office_A_20110811.ifc
		test-files\Sample_entities.ifc = test-files\Sample_entities.ifc
		test-files\schependomlaan.ifc = test-files\schependomlaan.ifc
		test-files\S_Office_Integrated Design Archi.ifc = test-files\S_Office_Integrated Design Archi.ifc
		test-files\tested_sample_project.ifc = test-files\tested_sample_project.ifc
	EndProjectSection
EndProject
Project("{2150E333-8FDC-42A3-9474-1A3956D46DE8}") = "schemas", "schemas", "{35D0EFF8-26FC-4746-9FC3-F021E7607857}"
	ProjectSection(SolutionItems) = preProject
		schemas\IFC2X3.exp = schemas\IFC2X3.exp
		schemas\IFC4.exp = schemas\IFC4.exp
		schemas\IFC4X3.exp = schemas\IFC4X3.exp
	EndProjectSection
EndProject
Project("{9A19103F-16F7-4668-BE54-9A1E7A4F7556}") = "Ara3D.IfcLoader", "Ara3D.IfcLoader\Ara3D.IfcLoader.csproj", "{85C50A50-F77C-43BD-B319-0FF592358E16}"
EndProject
Project("{2150E333-8FDC-42A3-9474-1A3956D46DE8}") = "speckle", "speckle", "{D8EB10EF-491D-44AD-905B-3F93CF361AA0}"
EndProject
Project("{9A19103F-16F7-4668-BE54-9A1E7A4F7556}") = "Ara3D.Speckle.Data", "Ara3D.Speckle.Data\Ara3D.Speckle.Data.csproj", "{98B960D3-F4D7-4ABB-8AED-89491A28340D}"
EndProject
Project("{9A19103F-16F7-4668-BE54-9A1E7A4F7556}") = "Ara3D.Speckle.IfcLoader", "Ara3D.Speckle.IfcLoader\Ara3D.Speckle.IfcLoader.csproj", "{A7E6152C-6D6A-42E0-A482-4626B4B5631A}"
EndProject
Global
	GlobalSection(SolutionConfigurationPlatforms) = preSolution
		Debug|Any CPU = Debug|Any CPU
		Debug|x64 = Debug|x64
		MinSizeRel|Any CPU = MinSizeRel|Any CPU
		MinSizeRel|x64 = MinSizeRel|x64
		Release|Any CPU = Release|Any CPU
		Release|x64 = Release|x64
		RelWithDebInfo|Any CPU = RelWithDebInfo|Any CPU
		RelWithDebInfo|x64 = RelWithDebInfo|x64
	EndGlobalSection
	GlobalSection(ProjectConfigurationPlatforms) = postSolution
		{1149FEC3-B141-419C-A445-16C22BBD7CCE}.Debug|Any CPU.ActiveCfg = Debug|x64
		{1149FEC3-B141-419C-A445-16C22BBD7CCE}.Debug|Any CPU.Build.0 = Debug|x64
		{1149FEC3-B141-419C-A445-16C22BBD7CCE}.Debug|x64.ActiveCfg = Debug|x64
		{1149FEC3-B141-419C-A445-16C22BBD7CCE}.Debug|x64.Build.0 = Debug|x64
		{1149FEC3-B141-419C-A445-16C22BBD7CCE}.MinSizeRel|Any CPU.ActiveCfg = MinSizeRel|x64
		{1149FEC3-B141-419C-A445-16C22BBD7CCE}.MinSizeRel|Any CPU.Build.0 = MinSizeRel|x64
		{1149FEC3-B141-419C-A445-16C22BBD7CCE}.MinSizeRel|x64.ActiveCfg = MinSizeRel|x64
		{1149FEC3-B141-419C-A445-16C22BBD7CCE}.MinSizeRel|x64.Build.0 = MinSizeRel|x64
		{1149FEC3-B141-419C-A445-16C22BBD7CCE}.Release|Any CPU.ActiveCfg = Release|x64
		{1149FEC3-B141-419C-A445-16C22BBD7CCE}.Release|Any CPU.Build.0 = Release|x64
		{1149FEC3-B141-419C-A445-16C22BBD7CCE}.Release|x64.ActiveCfg = Release|x64
		{1149FEC3-B141-419C-A445-16C22BBD7CCE}.Release|x64.Build.0 = Release|x64
		{1149FEC3-B141-419C-A445-16C22BBD7CCE}.RelWithDebInfo|Any CPU.ActiveCfg = RelWithDebInfo|x64
		{1149FEC3-B141-419C-A445-16C22BBD7CCE}.RelWithDebInfo|Any CPU.Build.0 = RelWithDebInfo|x64
		{1149FEC3-B141-419C-A445-16C22BBD7CCE}.RelWithDebInfo|x64.ActiveCfg = RelWithDebInfo|x64
		{1149FEC3-B141-419C-A445-16C22BBD7CCE}.RelWithDebInfo|x64.Build.0 = RelWithDebInfo|x64
		{3C488984-6DD7-4A6F-B288-87420ECE5480}.Debug|Any CPU.ActiveCfg = Debug|Any CPU
		{3C488984-6DD7-4A6F-B288-87420ECE5480}.Debug|Any CPU.Build.0 = Debug|Any CPU
		{3C488984-6DD7-4A6F-B288-87420ECE5480}.Debug|x64.ActiveCfg = Debug|Any CPU
		{3C488984-6DD7-4A6F-B288-87420ECE5480}.Debug|x64.Build.0 = Debug|Any CPU
		{3C488984-6DD7-4A6F-B288-87420ECE5480}.MinSizeRel|Any CPU.ActiveCfg = Debug|Any CPU
		{3C488984-6DD7-4A6F-B288-87420ECE5480}.MinSizeRel|Any CPU.Build.0 = Debug|Any CPU
		{3C488984-6DD7-4A6F-B288-87420ECE5480}.MinSizeRel|x64.ActiveCfg = Debug|Any CPU
		{3C488984-6DD7-4A6F-B288-87420ECE5480}.MinSizeRel|x64.Build.0 = Debug|Any CPU
		{3C488984-6DD7-4A6F-B288-87420ECE5480}.Release|Any CPU.ActiveCfg = Release|Any CPU
		{3C488984-6DD7-4A6F-B288-87420ECE5480}.Release|Any CPU.Build.0 = Release|Any CPU
		{3C488984-6DD7-4A6F-B288-87420ECE5480}.Release|x64.ActiveCfg = Release|Any CPU
		{3C488984-6DD7-4A6F-B288-87420ECE5480}.Release|x64.Build.0 = Release|Any CPU
		{3C488984-6DD7-4A6F-B288-87420ECE5480}.RelWithDebInfo|Any CPU.ActiveCfg = Release|Any CPU
		{3C488984-6DD7-4A6F-B288-87420ECE5480}.RelWithDebInfo|Any CPU.Build.0 = Release|Any CPU
		{3C488984-6DD7-4A6F-B288-87420ECE5480}.RelWithDebInfo|x64.ActiveCfg = Release|Any CPU
		{3C488984-6DD7-4A6F-B288-87420ECE5480}.RelWithDebInfo|x64.Build.0 = Release|Any CPU
		{185B3030-21ED-4117-B843-C64BF9D964C1}.Debug|Any CPU.ActiveCfg = Debug|Any CPU
		{185B3030-21ED-4117-B843-C64BF9D964C1}.Debug|Any CPU.Build.0 = Debug|Any CPU
		{185B3030-21ED-4117-B843-C64BF9D964C1}.Debug|x64.ActiveCfg = Debug|Any CPU
		{185B3030-21ED-4117-B843-C64BF9D964C1}.Debug|x64.Build.0 = Debug|Any CPU
		{185B3030-21ED-4117-B843-C64BF9D964C1}.MinSizeRel|Any CPU.ActiveCfg = Debug|Any CPU
		{185B3030-21ED-4117-B843-C64BF9D964C1}.MinSizeRel|Any CPU.Build.0 = Debug|Any CPU
		{185B3030-21ED-4117-B843-C64BF9D964C1}.MinSizeRel|x64.ActiveCfg = Debug|Any CPU
		{185B3030-21ED-4117-B843-C64BF9D964C1}.MinSizeRel|x64.Build.0 = Debug|Any CPU
		{185B3030-21ED-4117-B843-C64BF9D964C1}.Release|Any CPU.ActiveCfg = Release|Any CPU
		{185B3030-21ED-4117-B843-C64BF9D964C1}.Release|Any CPU.Build.0 = Release|Any CPU
		{185B3030-21ED-4117-B843-C64BF9D964C1}.Release|x64.ActiveCfg = Release|Any CPU
		{185B3030-21ED-4117-B843-C64BF9D964C1}.Release|x64.Build.0 = Release|Any CPU
		{185B3030-21ED-4117-B843-C64BF9D964C1}.RelWithDebInfo|Any CPU.ActiveCfg = Release|Any CPU
		{185B3030-21ED-4117-B843-C64BF9D964C1}.RelWithDebInfo|Any CPU.Build.0 = Release|Any CPU
		{185B3030-21ED-4117-B843-C64BF9D964C1}.RelWithDebInfo|x64.ActiveCfg = Release|Any CPU
		{185B3030-21ED-4117-B843-C64BF9D964C1}.RelWithDebInfo|x64.Build.0 = Release|Any CPU
		{90D8B801-3FE2-42DC-A209-FDE09B2BD115}.Debug|Any CPU.ActiveCfg = Debug|Any CPU
		{90D8B801-3FE2-42DC-A209-FDE09B2BD115}.Debug|Any CPU.Build.0 = Debug|Any CPU
		{90D8B801-3FE2-42DC-A209-FDE09B2BD115}.Debug|x64.ActiveCfg = Debug|Any CPU
		{90D8B801-3FE2-42DC-A209-FDE09B2BD115}.Debug|x64.Build.0 = Debug|Any CPU
		{90D8B801-3FE2-42DC-A209-FDE09B2BD115}.MinSizeRel|Any CPU.ActiveCfg = Debug|Any CPU
		{90D8B801-3FE2-42DC-A209-FDE09B2BD115}.MinSizeRel|Any CPU.Build.0 = Debug|Any CPU
		{90D8B801-3FE2-42DC-A209-FDE09B2BD115}.MinSizeRel|x64.ActiveCfg = Debug|Any CPU
		{90D8B801-3FE2-42DC-A209-FDE09B2BD115}.MinSizeRel|x64.Build.0 = Debug|Any CPU
		{90D8B801-3FE2-42DC-A209-FDE09B2BD115}.Release|Any CPU.ActiveCfg = Release|Any CPU
		{90D8B801-3FE2-42DC-A209-FDE09B2BD115}.Release|Any CPU.Build.0 = Release|Any CPU
		{90D8B801-3FE2-42DC-A209-FDE09B2BD115}.Release|x64.ActiveCfg = Release|Any CPU
		{90D8B801-3FE2-42DC-A209-FDE09B2BD115}.Release|x64.Build.0 = Release|Any CPU
		{90D8B801-3FE2-42DC-A209-FDE09B2BD115}.RelWithDebInfo|Any CPU.ActiveCfg = Release|Any CPU
		{90D8B801-3FE2-42DC-A209-FDE09B2BD115}.RelWithDebInfo|Any CPU.Build.0 = Release|Any CPU
		{90D8B801-3FE2-42DC-A209-FDE09B2BD115}.RelWithDebInfo|x64.ActiveCfg = Release|Any CPU
		{90D8B801-3FE2-42DC-A209-FDE09B2BD115}.RelWithDebInfo|x64.Build.0 = Release|Any CPU
		{85C50A50-F77C-43BD-B319-0FF592358E16}.Debug|Any CPU.ActiveCfg = Debug|Any CPU
		{85C50A50-F77C-43BD-B319-0FF592358E16}.Debug|Any CPU.Build.0 = Debug|Any CPU
		{85C50A50-F77C-43BD-B319-0FF592358E16}.Debug|x64.ActiveCfg = Debug|Any CPU
		{85C50A50-F77C-43BD-B319-0FF592358E16}.Debug|x64.Build.0 = Debug|Any CPU
		{85C50A50-F77C-43BD-B319-0FF592358E16}.MinSizeRel|Any CPU.ActiveCfg = Debug|Any CPU
		{85C50A50-F77C-43BD-B319-0FF592358E16}.MinSizeRel|Any CPU.Build.0 = Debug|Any CPU
		{85C50A50-F77C-43BD-B319-0FF592358E16}.MinSizeRel|x64.ActiveCfg = Debug|Any CPU
		{85C50A50-F77C-43BD-B319-0FF592358E16}.MinSizeRel|x64.Build.0 = Debug|Any CPU
		{85C50A50-F77C-43BD-B319-0FF592358E16}.Release|Any CPU.ActiveCfg = Release|Any CPU
		{85C50A50-F77C-43BD-B319-0FF592358E16}.Release|Any CPU.Build.0 = Release|Any CPU
		{85C50A50-F77C-43BD-B319-0FF592358E16}.Release|x64.ActiveCfg = Release|Any CPU
		{85C50A50-F77C-43BD-B319-0FF592358E16}.Release|x64.Build.0 = Release|Any CPU
		{85C50A50-F77C-43BD-B319-0FF592358E16}.RelWithDebInfo|Any CPU.ActiveCfg = Release|Any CPU
		{85C50A50-F77C-43BD-B319-0FF592358E16}.RelWithDebInfo|Any CPU.Build.0 = Release|Any CPU
		{85C50A50-F77C-43BD-B319-0FF592358E16}.RelWithDebInfo|x64.ActiveCfg = Release|Any CPU
		{85C50A50-F77C-43BD-B319-0FF592358E16}.RelWithDebInfo|x64.Build.0 = Release|Any CPU
		{98B960D3-F4D7-4ABB-8AED-89491A28340D}.Debug|Any CPU.ActiveCfg = Debug|Any CPU
		{98B960D3-F4D7-4ABB-8AED-89491A28340D}.Debug|Any CPU.Build.0 = Debug|Any CPU
		{98B960D3-F4D7-4ABB-8AED-89491A28340D}.Debug|x64.ActiveCfg = Debug|Any CPU
		{98B960D3-F4D7-4ABB-8AED-89491A28340D}.Debug|x64.Build.0 = Debug|Any CPU
		{98B960D3-F4D7-4ABB-8AED-89491A28340D}.MinSizeRel|Any CPU.ActiveCfg = Debug|Any CPU
		{98B960D3-F4D7-4ABB-8AED-89491A28340D}.MinSizeRel|Any CPU.Build.0 = Debug|Any CPU
		{98B960D3-F4D7-4ABB-8AED-89491A28340D}.MinSizeRel|x64.ActiveCfg = Debug|Any CPU
		{98B960D3-F4D7-4ABB-8AED-89491A28340D}.MinSizeRel|x64.Build.0 = Debug|Any CPU
		{98B960D3-F4D7-4ABB-8AED-89491A28340D}.Release|Any CPU.ActiveCfg = Release|Any CPU
		{98B960D3-F4D7-4ABB-8AED-89491A28340D}.Release|Any CPU.Build.0 = Release|Any CPU
		{98B960D3-F4D7-4ABB-8AED-89491A28340D}.Release|x64.ActiveCfg = Release|Any CPU
		{98B960D3-F4D7-4ABB-8AED-89491A28340D}.Release|x64.Build.0 = Release|Any CPU
		{98B960D3-F4D7-4ABB-8AED-89491A28340D}.RelWithDebInfo|Any CPU.ActiveCfg = Release|Any CPU
		{98B960D3-F4D7-4ABB-8AED-89491A28340D}.RelWithDebInfo|Any CPU.Build.0 = Release|Any CPU
		{98B960D3-F4D7-4ABB-8AED-89491A28340D}.RelWithDebInfo|x64.ActiveCfg = Release|Any CPU
		{98B960D3-F4D7-4ABB-8AED-89491A28340D}.RelWithDebInfo|x64.Build.0 = Release|Any CPU
		{A7E6152C-6D6A-42E0-A482-4626B4B5631A}.Debug|Any CPU.ActiveCfg = Debug|Any CPU
		{A7E6152C-6D6A-42E0-A482-4626B4B5631A}.Debug|Any CPU.Build.0 = Debug|Any CPU
		{A7E6152C-6D6A-42E0-A482-4626B4B5631A}.Debug|x64.ActiveCfg = Debug|Any CPU
		{A7E6152C-6D6A-42E0-A482-4626B4B5631A}.Debug|x64.Build.0 = Debug|Any CPU
		{A7E6152C-6D6A-42E0-A482-4626B4B5631A}.MinSizeRel|Any CPU.ActiveCfg = Debug|Any CPU
		{A7E6152C-6D6A-42E0-A482-4626B4B5631A}.MinSizeRel|Any CPU.Build.0 = Debug|Any CPU
		{A7E6152C-6D6A-42E0-A482-4626B4B5631A}.MinSizeRel|x64.ActiveCfg = Debug|Any CPU
		{A7E6152C-6D6A-42E0-A482-4626B4B5631A}.MinSizeRel|x64.Build.0 = Debug|Any CPU
		{A7E6152C-6D6A-42E0-A482-4626B4B5631A}.Release|Any CPU.ActiveCfg = Release|Any CPU
		{A7E6152C-6D6A-42E0-A482-4626B4B5631A}.Release|Any CPU.Build.0 = Release|Any CPU
		{A7E6152C-6D6A-42E0-A482-4626B4B5631A}.Release|x64.ActiveCfg = Release|Any CPU
		{A7E6152C-6D6A-42E0-A482-4626B4B5631A}.Release|x64.Build.0 = Release|Any CPU
		{A7E6152C-6D6A-42E0-A482-4626B4B5631A}.RelWithDebInfo|Any CPU.ActiveCfg = Release|Any CPU
		{A7E6152C-6D6A-42E0-A482-4626B4B5631A}.RelWithDebInfo|Any CPU.Build.0 = Release|Any CPU
		{A7E6152C-6D6A-42E0-A482-4626B4B5631A}.RelWithDebInfo|x64.ActiveCfg = Release|Any CPU
		{A7E6152C-6D6A-42E0-A482-4626B4B5631A}.RelWithDebInfo|x64.Build.0 = Release|Any CPU
	EndGlobalSection
	GlobalSection(SolutionProperties) = preSolution
		HideSolutionNode = FALSE
	EndGlobalSection
	GlobalSection(NestedProjects) = preSolution
		{185B3030-21ED-4117-B843-C64BF9D964C1} = {98E0BC05-B16C-47B8-AE07-39141CBA22F0}
		{98B960D3-F4D7-4ABB-8AED-89491A28340D} = {D8EB10EF-491D-44AD-905B-3F93CF361AA0}
		{A7E6152C-6D6A-42E0-A482-4626B4B5631A} = {D8EB10EF-491D-44AD-905B-3F93CF361AA0}
	EndGlobalSection
	GlobalSection(ExtensibilityGlobals) = postSolution
		SolutionGuid = {C43C3433-BB14-4B84-B022-AB7E6ACAE540}
	EndGlobalSection
EndGlobal
